
Microsoft Visual Studio Solution File, Format Version 12.00
# Visual Studio Version 16
VisualStudioVersion = 16.0.32901.82
MinimumVisualStudioVersion = 10.0.40219.1
Project("{FAE04EC0-301F-11D3-BF4B-00C04F79EFBC}") = "CoachTicketManagement", "CoachTicketManagement\CoachTicketManagement.csproj", "{B55C42DF-D4C0-400D-9232-B3303734FBE7}"
EndProject
Global
	GlobalSection(SolutionConfigurationPlatforms) = preSolution
		Debug|Any CPU = Debug|Any CPU
		Release|Any CPU = Release|Any CPU
	EndGlobalSection
	GlobalSection(ProjectConfigurationPlatforms) = postSolution
		{B55C42DF-D4C0-400D-9232-B3303734FBE7}.Debug|Any CPU.ActiveCfg = Debug|Any CPU
		{B55C42DF-D4C0-400D-9232-B3303734FBE7}.Debug|Any CPU.Build.0 = Debug|Any CPU
		{B55C42DF-D4C0-400D-9232-B3303734FBE7}.Release|Any CPU.ActiveCfg = Release|Any CPU
		{B55C42DF-D4C0-400D-9232-B3303734FBE7}.Release|Any CPU.Build.0 = Release|Any CPU
	EndGlobalSection
	GlobalSection(SolutionProperties) = preSolution
		HideSolutionNode = FALSE
	EndGlobalSection
	GlobalSection(ExtensibilityGlobals) = postSolution
		SolutionGuid = {7799B7B3-6B36-431C-A4A5-474EBED406E0}
	EndGlobalSection
EndGlobal
